
Microsoft Visual Studio Solution File, Format Version 12.00
# Visual Studio Version 16
VisualStudioVersion = 16.0.28705.295
MinimumVisualStudioVersion = 10.0.40219.1
Project("{FAE04EC0-301F-11D3-BF4B-00C04F79EFBC}") = "WebAPI", "WebAPI\WebAPI.csproj", "{C2E13800-496E-493E-8F50-1031A8E965D0}"
EndProject
Global
	GlobalSection(SolutionConfigurationPlatforms) = preSolution
		Debug|Any CPU = Debug|Any CPU
		Release|Any CPU = Release|Any CPU
	EndGlobalSection
	GlobalSection(ProjectConfigurationPlatforms) = postSolution
		{C2E13800-496E-493E-8F50-1031A8E965D0}.Debug|Any CPU.ActiveCfg = Debug|Any CPU
		{C2E13800-496E-493E-8F50-1031A8E965D0}.Debug|Any CPU.Build.0 = Debug|Any CPU
		{C2E13800-496E-493E-8F50-1031A8E965D0}.Release|Any CPU.ActiveCfg = Release|Any CPU
		{C2E13800-496E-493E-8F50-1031A8E965D0}.Release|Any CPU.Build.0 = Release|Any CPU
	EndGlobalSection
	GlobalSection(SolutionProperties) = preSolution
		HideSolutionNode = FALSE
	EndGlobalSection
	GlobalSection(ExtensibilityGlobals) = postSolution
		SolutionGuid = {3F36EC32-405E-4D72-92DE-C0623110A4CE}
	EndGlobalSection
EndGlobal
